
Microsoft Visual Studio Solution File, Format Version 12.00
# Visual Studio Version 17
VisualStudioVersion = 17.8.34330.188
MinimumVisualStudioVersion = 10.0.40219.1
Project("{FAE04EC0-301F-11D3-BF4B-00C04F79EFBC}") = "paa.NET", "paa.NET.csproj", "{DBD4FBC3-4B5A-43D3-BB20-BABB05359BC0}"
EndProject
Global
	GlobalSection(SolutionConfigurationPlatforms) = preSolution
		Debug|Any CPU = Debug|Any CPU
		Release|Any CPU = Release|Any CPU
	EndGlobalSection
	GlobalSection(ProjectConfigurationPlatforms) = postSolution
		{DBD4FBC3-4B5A-43D3-BB20-BABB05359BC0}.Debug|Any CPU.ActiveCfg = Debug|Any CPU
		{DBD4FBC3-4B5A-43D3-BB20-BABB05359BC0}.Debug|Any CPU.Build.0 = Debug|Any CPU
		{DBD4FBC3-4B5A-43D3-BB20-BABB05359BC0}.Release|Any CPU.ActiveCfg = Release|Any CPU
		{DBD4FBC3-4B5A-43D3-BB20-BABB05359BC0}.Release|Any CPU.Build.0 = Release|Any CPU
	EndGlobalSection
	GlobalSection(SolutionProperties) = preSolution
		HideSolutionNode = FALSE
	EndGlobalSection
	GlobalSection(ExtensibilityGlobals) = postSolution
		SolutionGuid = {0851D3EE-A68F-457E-AD08-649F46B91F21}
	EndGlobalSection
EndGlobal
